PODS:
  - LYCategory (1.12.0)
  - MBProgressHUD (1.2.0)
  - ModuleProgressHUD (1.12.0):
    - LYCategory (~> 1.12)
    - MBProgressHUD (~> 1.2.0)
    - SVProgressHUD (~> 2.2.5)
  - SVProgressHUD (2.2.5)

DEPENDENCIES:
  - ModuleProgressHUD (from `../`)

SPEC REPOS:
  https://github.com/CocoaPods/Specs.git:
    - LYCategory
    - MBProgressHUD
    - SVProgressHUD

EXTERNAL SOURCES:
  ModuleProgressHUD:
    :path: "../"

SPEC CHECKSUMS:
  LYCategory: 8f347904040c575ba421d12be0445236dda940a7
  MBProgressHUD: 3ee5efcc380f6a79a7cc9b363dd669c5e1ae7406
  ModuleProgressHUD: ec74677361acd18ccd4622d145173ad1c0009403
  SVProgressHUD: 1428aafac632c1f86f62aa4243ec12008d7a51d6

PODFILE CHECKSUM: 674ec2fdf9eea31a5ab5a3b0b277688a984f3a06

COCOAPODS: 1.10.1
