PODS:
  - FCFileManager (1.0.18)
  - ModuleProgressHUD (1.0.5):
    - FCFileManager (~> 1.0.18)
    - SVProgressHUD (~> 2.1.2)
  - SVProgressHUD (2.1.2)

DEPENDENCIES:
  - ModuleProgressHUD (from `../`)

EXTERNAL SOURCES:
  ModuleProgressHUD:
    :path: ../

SPEC CHECKSUMS:
  FCFileManager: 3d13576da1f709d37460bd7669cdf07b9d6d8bc3
  ModuleProgressHUD: bf260e48e939f04d042b6819ff009f8eec3a088c
  SVProgressHUD: c404a55d78acbeb7ebb78b76d3faf986475a6994

PODFILE CHECKSUM: c64145cd6b5bc966178266f2dfa69dd959e4a2dc

COCOAPODS: 1.2.0
